
Microsoft Visual Studio Solution File, Format Version 12.00
Project("{FAE04EC0-301F-11D3-BF4B-00C04F79EFBC}") = "CommandDesignPattern", "CommandDesignPattern.csproj", "{65F83AEB-9CAA-4A7F-9D75-C22937A16F5D}"
EndProject
Global
	GlobalSection(SolutionConfigurationPlatforms) = preSolution
		Debug|Any CPU = Debug|Any CPU
		Release|Any CPU = Release|Any CPU
	EndGlobalSection
	GlobalSection(ProjectConfigurationPlatforms) = postSolution
		{65F83AEB-9CAA-4A7F-9D75-C22937A16F5D}.Debug|Any CPU.ActiveCfg = Debug|Any CPU
		{65F83AEB-9CAA-4A7F-9D75-C22937A16F5D}.Debug|Any CPU.Build.0 = Debug|Any CPU
		{65F83AEB-9CAA-4A7F-9D75-C22937A16F5D}.Release|Any CPU.ActiveCfg = Release|Any CPU
		{65F83AEB-9CAA-4A7F-9D75-C22937A16F5D}.Release|Any CPU.Build.0 = Release|Any CPU
	EndGlobalSection
EndGlobal
